
Microsoft Visual Studio Solution File, Format Version 12.00
# Visual Studio Version 17
VisualStudioVersion = 17.11.35222.181
MinimumVisualStudioVersion = 10.0.40219.1
Project("{FAE04EC0-301F-11D3-BF4B-00C04F79EFBC}") = "Strategy", "Strategy\Strategy.csproj", "{8B5669AA-4996-4789-885D-71BA85EA5C0E}"
EndProject
Global
	GlobalSection(SolutionConfigurationPlatforms) = preSolution
		Debug|Any CPU = Debug|Any CPU
		Release|Any CPU = Release|Any CPU
	EndGlobalSection
	GlobalSection(ProjectConfigurationPlatforms) = postSolution
		{8B5669AA-4996-4789-885D-71BA85EA5C0E}.Debug|Any CPU.ActiveCfg = Debug|Any CPU
		{8B5669AA-4996-4789-885D-71BA85EA5C0E}.Debug|Any CPU.Build.0 = Debug|Any CPU
		{8B5669AA-4996-4789-885D-71BA85EA5C0E}.Release|Any CPU.ActiveCfg = Release|Any CPU
		{8B5669AA-4996-4789-885D-71BA85EA5C0E}.Release|Any CPU.Build.0 = Release|Any CPU
	EndGlobalSection
	GlobalSection(SolutionProperties) = preSolution
		HideSolutionNode = FALSE
	EndGlobalSection
	GlobalSection(ExtensibilityGlobals) = postSolution
		SolutionGuid = {B9BD8558-F1C0-426F-ABDF-B0B963910AB3}
	EndGlobalSection
EndGlobal
